
Microsoft Visual Studio Solution File, Format Version 12.00
# Visual Studio Version 17
VisualStudioVersion = 17.7.34221.43
MinimumVisualStudioVersion = 10.0.40219.1
Project("{FAE04EC0-301F-11D3-BF4B-00C04F79EFBC}") = "do and while iteration loops", "do and while iteration loops\do and while iteration loops.csproj", "{16A2654A-BA0B-4C2F-A6D1-D6688CAEB2CA}"
EndProject
Global
	GlobalSection(SolutionConfigurationPlatforms) = preSolution
		Debug|Any CPU = Debug|Any CPU
		Release|Any CPU = Release|Any CPU
	EndGlobalSection
	GlobalSection(ProjectConfigurationPlatforms) = postSolution
		{16A2654A-BA0B-4C2F-A6D1-D6688CAEB2CA}.Debug|Any CPU.ActiveCfg = Debug|Any CPU
		{16A2654A-BA0B-4C2F-A6D1-D6688CAEB2CA}.Debug|Any CPU.Build.0 = Debug|Any CPU
		{16A2654A-BA0B-4C2F-A6D1-D6688CAEB2CA}.Release|Any CPU.ActiveCfg = Release|Any CPU
		{16A2654A-BA0B-4C2F-A6D1-D6688CAEB2CA}.Release|Any CPU.Build.0 = Release|Any CPU
	EndGlobalSection
	GlobalSection(SolutionProperties) = preSolution
		HideSolutionNode = FALSE
	EndGlobalSection
	GlobalSection(ExtensibilityGlobals) = postSolution
		SolutionGuid = {6A3DFA8F-FB19-4457-BADB-43365FA00EFE}
	EndGlobalSection
EndGlobal
