
Microsoft Visual Studio Solution File, Format Version 12.00
# Visual Studio Version 17
VisualStudioVersion = 17.7.34221.43
MinimumVisualStudioVersion = 10.0.40219.1
Project("{FAE04EC0-301F-11D3-BF4B-00C04F79EFBC}") = "array", "array\array.csproj", "{9B235244-8EE0-46DC-B35E-98E7DE55D408}"
EndProject
Global
	GlobalSection(SolutionConfigurationPlatforms) = preSolution
		Debug|Any CPU = Debug|Any CPU
		Release|Any CPU = Release|Any CPU
	EndGlobalSection
	GlobalSection(ProjectConfigurationPlatforms) = postSolution
		{9B235244-8EE0-46DC-B35E-98E7DE55D408}.Debug|Any CPU.ActiveCfg = Debug|Any CPU
		{9B235244-8EE0-46DC-B35E-98E7DE55D408}.Debug|Any CPU.Build.0 = Debug|Any CPU
		{9B235244-8EE0-46DC-B35E-98E7DE55D408}.Release|Any CPU.ActiveCfg = Release|Any CPU
		{9B235244-8EE0-46DC-B35E-98E7DE55D408}.Release|Any CPU.Build.0 = Release|Any CPU
	EndGlobalSection
	GlobalSection(SolutionProperties) = preSolution
		HideSolutionNode = FALSE
	EndGlobalSection
	GlobalSection(ExtensibilityGlobals) = postSolution
		SolutionGuid = {E2CF636B-2C6E-442B-9BD1-EF1D4ADC3D27}
	EndGlobalSection
EndGlobal
