
Microsoft Visual Studio Solution File, Format Version 12.00
# Visual Studio Version 17
VisualStudioVersion = 17.7.34221.43
MinimumVisualStudioVersion = 10.0.40219.1
Project("{FAE04EC0-301F-11D3-BF4B-00C04F79EFBC}") = "student grading", "student grading\student grading.csproj", "{493E8C46-0302-443F-9AFF-2E58FDF96310}"
EndProject
Global
	GlobalSection(SolutionConfigurationPlatforms) = preSolution
		Debug|Any CPU = Debug|Any CPU
		Release|Any CPU = Release|Any CPU
	EndGlobalSection
	GlobalSection(ProjectConfigurationPlatforms) = postSolution
		{493E8C46-0302-443F-9AFF-2E58FDF96310}.Debug|Any CPU.ActiveCfg = Debug|Any CPU
		{493E8C46-0302-443F-9AFF-2E58FDF96310}.Debug|Any CPU.Build.0 = Debug|Any CPU
		{493E8C46-0302-443F-9AFF-2E58FDF96310}.Release|Any CPU.ActiveCfg = Release|Any CPU
		{493E8C46-0302-443F-9AFF-2E58FDF96310}.Release|Any CPU.Build.0 = Release|Any CPU
	EndGlobalSection
	GlobalSection(SolutionProperties) = preSolution
		HideSolutionNode = FALSE
	EndGlobalSection
	GlobalSection(ExtensibilityGlobals) = postSolution
		SolutionGuid = {BD538554-B028-4092-AF55-0DA8676DEA9E}
	EndGlobalSection
EndGlobal
