
Microsoft Visual Studio Solution File, Format Version 12.00
# Visual Studio Version 17
VisualStudioVersion = 17.7.34221.43
MinimumVisualStudioVersion = 10.0.40219.1
Project("{FAE04EC0-301F-11D3-BF4B-00C04F79EFBC}") = "Write code to reverse each word in a message", "Write code to reverse each word in a message\Write code to reverse each word in a message.csproj", "{F06C0551-C2E9-4BC1-9C22-EDF24EBDDC98}"
EndProject
Global
	GlobalSection(SolutionConfigurationPlatforms) = preSolution
		Debug|Any CPU = Debug|Any CPU
		Release|Any CPU = Release|Any CPU
	EndGlobalSection
	GlobalSection(ProjectConfigurationPlatforms) = postSolution
		{F06C0551-C2E9-4BC1-9C22-EDF24EBDDC98}.Debug|Any CPU.ActiveCfg = Debug|Any CPU
		{F06C0551-C2E9-4BC1-9C22-EDF24EBDDC98}.Debug|Any CPU.Build.0 = Debug|Any CPU
		{F06C0551-C2E9-4BC1-9C22-EDF24EBDDC98}.Release|Any CPU.ActiveCfg = Release|Any CPU
		{F06C0551-C2E9-4BC1-9C22-EDF24EBDDC98}.Release|Any CPU.Build.0 = Release|Any CPU
	EndGlobalSection
	GlobalSection(SolutionProperties) = preSolution
		HideSolutionNode = FALSE
	EndGlobalSection
	GlobalSection(ExtensibilityGlobals) = postSolution
		SolutionGuid = {82F44D3D-3EA5-4B81-B083-0D35A96A1F05}
	EndGlobalSection
EndGlobal
