
Microsoft Visual Studio Solution File, Format Version 12.00
# Visual Studio Version 17
VisualStudioVersion = 17.7.34221.43
MinimumVisualStudioVersion = 10.0.40219.1
Project("{FAE04EC0-301F-11D3-BF4B-00C04F79EFBC}") = "student grading array", "student grading array\student grading array.csproj", "{98752E37-A8F4-44B5-A54A-2AC9415EB92D}"
EndProject
Global
	GlobalSection(SolutionConfigurationPlatforms) = preSolution
		Debug|Any CPU = Debug|Any CPU
		Release|Any CPU = Release|Any CPU
	EndGlobalSection
	GlobalSection(ProjectConfigurationPlatforms) = postSolution
		{98752E37-A8F4-44B5-A54A-2AC9415EB92D}.Debug|Any CPU.ActiveCfg = Debug|Any CPU
		{98752E37-A8F4-44B5-A54A-2AC9415EB92D}.Debug|Any CPU.Build.0 = Debug|Any CPU
		{98752E37-A8F4-44B5-A54A-2AC9415EB92D}.Release|Any CPU.ActiveCfg = Release|Any CPU
		{98752E37-A8F4-44B5-A54A-2AC9415EB92D}.Release|Any CPU.Build.0 = Release|Any CPU
	EndGlobalSection
	GlobalSection(SolutionProperties) = preSolution
		HideSolutionNode = FALSE
	EndGlobalSection
	GlobalSection(ExtensibilityGlobals) = postSolution
		SolutionGuid = {7FED0646-BF0F-4053-B459-B54129600079}
	EndGlobalSection
EndGlobal
