
Microsoft Visual Studio Solution File, Format Version 12.00
# Visual Studio Version 17
VisualStudioVersion = 17.7.34221.43
MinimumVisualStudioVersion = 10.0.40219.1
Project("{FAE04EC0-301F-11D3-BF4B-00C04F79EFBC}") = "Math class that returns the larger of two numbers", "Math class that returns the larger of two numbers\Math class that returns the larger of two numbers.csproj", "{24B571E8-ABC7-4A16-96E0-C902AF131E88}"
EndProject
Global
	GlobalSection(SolutionConfigurationPlatforms) = preSolution
		Debug|Any CPU = Debug|Any CPU
		Release|Any CPU = Release|Any CPU
	EndGlobalSection
	GlobalSection(ProjectConfigurationPlatforms) = postSolution
		{24B571E8-ABC7-4A16-96E0-C902AF131E88}.Debug|Any CPU.ActiveCfg = Debug|Any CPU
		{24B571E8-ABC7-4A16-96E0-C902AF131E88}.Debug|Any CPU.Build.0 = Debug|Any CPU
		{24B571E8-ABC7-4A16-96E0-C902AF131E88}.Release|Any CPU.ActiveCfg = Release|Any CPU
		{24B571E8-ABC7-4A16-96E0-C902AF131E88}.Release|Any CPU.Build.0 = Release|Any CPU
	EndGlobalSection
	GlobalSection(SolutionProperties) = preSolution
		HideSolutionNode = FALSE
	EndGlobalSection
	GlobalSection(ExtensibilityGlobals) = postSolution
		SolutionGuid = {020E95BF-9C22-432F-82E6-0B919C406A0E}
	EndGlobalSection
EndGlobal
