
Microsoft Visual Studio Solution File, Format Version 12.00
# Visual Studio Version 17
VisualStudioVersion = 17.7.34221.43
MinimumVisualStudioVersion = 10.0.40219.1
Project("{FAE04EC0-301F-11D3-BF4B-00C04F79EFBC}") = "Create and configure for iteration loops", "Create and configure for iteration loops\Create and configure for iteration loops.csproj", "{DE788512-AF7F-4A74-B59A-9C4A7BEFCE99}"
EndProject
Global
	GlobalSection(SolutionConfigurationPlatforms) = preSolution
		Debug|Any CPU = Debug|Any CPU
		Release|Any CPU = Release|Any CPU
	EndGlobalSection
	GlobalSection(ProjectConfigurationPlatforms) = postSolution
		{DE788512-AF7F-4A74-B59A-9C4A7BEFCE99}.Debug|Any CPU.ActiveCfg = Debug|Any CPU
		{DE788512-AF7F-4A74-B59A-9C4A7BEFCE99}.Debug|Any CPU.Build.0 = Debug|Any CPU
		{DE788512-AF7F-4A74-B59A-9C4A7BEFCE99}.Release|Any CPU.ActiveCfg = Release|Any CPU
		{DE788512-AF7F-4A74-B59A-9C4A7BEFCE99}.Release|Any CPU.Build.0 = Release|Any CPU
	EndGlobalSection
	GlobalSection(SolutionProperties) = preSolution
		HideSolutionNode = FALSE
	EndGlobalSection
	GlobalSection(ExtensibilityGlobals) = postSolution
		SolutionGuid = {7A9BB9DD-B29C-4F3D-8712-8D6D7790A114}
	EndGlobalSection
EndGlobal
